
Microsoft Visual Studio Solution File, Format Version 12.00
Project("{FAE04EC0-301F-11D3-BF4B-00C04F79EFBC}") = "day01", "day01\day01.csproj", "{93025033-7C57-4EC9-97E9-8AB67F0FF05F}"
EndProject
Project("{FAE04EC0-301F-11D3-BF4B-00C04F79EFBC}") = "day02", "day02\day02.csproj", "{5504EB3C-55D7-4CB5-ACF4-B915690AF30A}"
EndProject
Project("{FAE04EC0-301F-11D3-BF4B-00C04F79EFBC}") = "day03", "day03\day03.csproj", "{2B91D7F2-453A-466F-834A-638E2A3C97CA}"
EndProject
Project("{FAE04EC0-301F-11D3-BF4B-00C04F79EFBC}") = "day04", "day04\day04.csproj", "{5D1A8E41-4B92-4E87-95DA-6C63EA30F26F}"
EndProject
Project("{FAE04EC0-301F-11D3-BF4B-00C04F79EFBC}") = "day05", "day05\day05.csproj", "{C9FB7B20-C1A2-4BBA-8295-761F0A203711}"
EndProject
Project("{FAE04EC0-301F-11D3-BF4B-00C04F79EFBC}") = "day06", "day06\day06.csproj", "{CC390D35-C76C-4053-98E5-5D81876E0036}"
EndProject
Project("{FAE04EC0-301F-11D3-BF4B-00C04F79EFBC}") = "day07", "day07\day07.csproj", "{8FF0B174-B480-4387-9725-D8C45FD75EC0}"
EndProject
Project("{FAE04EC0-301F-11D3-BF4B-00C04F79EFBC}") = "day08", "day08\day08.csproj", "{8260374A-F155-4E50-A1D5-2CF2A7B4BE04}"
EndProject
Project("{FAE04EC0-301F-11D3-BF4B-00C04F79EFBC}") = "day09", "day09\day09.csproj", "{1A2ADF99-9D52-439F-91A7-70669A744539}"
EndProject
Project("{FAE04EC0-301F-11D3-BF4B-00C04F79EFBC}") = "day10", "day10\day10.csproj", "{EE52F1D8-20D8-4ABE-A2A8-87CCE6123A5A}"
EndProject
Project("{FAE04EC0-301F-11D3-BF4B-00C04F79EFBC}") = "day11", "day11\day11.csproj", "{1DE5C6C7-0BAC-43A4-AC70-082D229537F6}"
EndProject
Project("{FAE04EC0-301F-11D3-BF4B-00C04F79EFBC}") = "day12", "day12\day12.csproj", "{FEC06251-F5A0-4724-B15F-54792F5A37F4}"
EndProject
Project("{FAE04EC0-301F-11D3-BF4B-00C04F79EFBC}") = "day13", "day13\day13.csproj", "{951C1D17-3D76-4F39-B006-B80536E1BC12}"
EndProject
Project("{FAE04EC0-301F-11D3-BF4B-00C04F79EFBC}") = "day14", "day14\day14.csproj", "{91F91282-4786-423B-9A52-08B10CA96CFB}"
EndProject
Project("{FAE04EC0-301F-11D3-BF4B-00C04F79EFBC}") = "day15", "day15\day15.csproj", "{F37B586D-C6A2-49B0-849B-6570CAEC16DD}"
EndProject
Global
	GlobalSection(SolutionConfigurationPlatforms) = preSolution
		Debug|Any CPU = Debug|Any CPU
		Release|Any CPU = Release|Any CPU
	EndGlobalSection
	GlobalSection(ProjectConfigurationPlatforms) = postSolution
		{93025033-7C57-4EC9-97E9-8AB67F0FF05F}.Debug|Any CPU.ActiveCfg = Debug|Any CPU
		{93025033-7C57-4EC9-97E9-8AB67F0FF05F}.Debug|Any CPU.Build.0 = Debug|Any CPU
		{93025033-7C57-4EC9-97E9-8AB67F0FF05F}.Release|Any CPU.ActiveCfg = Release|Any CPU
		{93025033-7C57-4EC9-97E9-8AB67F0FF05F}.Release|Any CPU.Build.0 = Release|Any CPU
		{5504EB3C-55D7-4CB5-ACF4-B915690AF30A}.Debug|Any CPU.ActiveCfg = Debug|Any CPU
		{5504EB3C-55D7-4CB5-ACF4-B915690AF30A}.Debug|Any CPU.Build.0 = Debug|Any CPU
		{5504EB3C-55D7-4CB5-ACF4-B915690AF30A}.Release|Any CPU.ActiveCfg = Release|Any CPU
		{5504EB3C-55D7-4CB5-ACF4-B915690AF30A}.Release|Any CPU.Build.0 = Release|Any CPU
		{2B91D7F2-453A-466F-834A-638E2A3C97CA}.Debug|Any CPU.ActiveCfg = Debug|Any CPU
		{2B91D7F2-453A-466F-834A-638E2A3C97CA}.Debug|Any CPU.Build.0 = Debug|Any CPU
		{2B91D7F2-453A-466F-834A-638E2A3C97CA}.Release|Any CPU.ActiveCfg = Release|Any CPU
		{2B91D7F2-453A-466F-834A-638E2A3C97CA}.Release|Any CPU.Build.0 = Release|Any CPU
		{5D1A8E41-4B92-4E87-95DA-6C63EA30F26F}.Debug|Any CPU.ActiveCfg = Debug|Any CPU
		{5D1A8E41-4B92-4E87-95DA-6C63EA30F26F}.Debug|Any CPU.Build.0 = Debug|Any CPU
		{5D1A8E41-4B92-4E87-95DA-6C63EA30F26F}.Release|Any CPU.ActiveCfg = Release|Any CPU
		{5D1A8E41-4B92-4E87-95DA-6C63EA30F26F}.Release|Any CPU.Build.0 = Release|Any CPU
		{C9FB7B20-C1A2-4BBA-8295-761F0A203711}.Debug|Any CPU.ActiveCfg = Debug|Any CPU
		{C9FB7B20-C1A2-4BBA-8295-761F0A203711}.Debug|Any CPU.Build.0 = Debug|Any CPU
		{C9FB7B20-C1A2-4BBA-8295-761F0A203711}.Release|Any CPU.ActiveCfg = Release|Any CPU
		{C9FB7B20-C1A2-4BBA-8295-761F0A203711}.Release|Any CPU.Build.0 = Release|Any CPU
		{CC390D35-C76C-4053-98E5-5D81876E0036}.Debug|Any CPU.ActiveCfg = Debug|Any CPU
		{CC390D35-C76C-4053-98E5-5D81876E0036}.Debug|Any CPU.Build.0 = Debug|Any CPU
		{CC390D35-C76C-4053-98E5-5D81876E0036}.Release|Any CPU.ActiveCfg = Release|Any CPU
		{CC390D35-C76C-4053-98E5-5D81876E0036}.Release|Any CPU.Build.0 = Release|Any CPU
		{8FF0B174-B480-4387-9725-D8C45FD75EC0}.Debug|Any CPU.ActiveCfg = Debug|Any CPU
		{8FF0B174-B480-4387-9725-D8C45FD75EC0}.Debug|Any CPU.Build.0 = Debug|Any CPU
		{8FF0B174-B480-4387-9725-D8C45FD75EC0}.Release|Any CPU.ActiveCfg = Release|Any CPU
		{8FF0B174-B480-4387-9725-D8C45FD75EC0}.Release|Any CPU.Build.0 = Release|Any CPU
		{8260374A-F155-4E50-A1D5-2CF2A7B4BE04}.Debug|Any CPU.ActiveCfg = Debug|Any CPU
		{8260374A-F155-4E50-A1D5-2CF2A7B4BE04}.Debug|Any CPU.Build.0 = Debug|Any CPU
		{8260374A-F155-4E50-A1D5-2CF2A7B4BE04}.Release|Any CPU.ActiveCfg = Release|Any CPU
		{8260374A-F155-4E50-A1D5-2CF2A7B4BE04}.Release|Any CPU.Build.0 = Release|Any CPU
		{1A2ADF99-9D52-439F-91A7-70669A744539}.Debug|Any CPU.ActiveCfg = Debug|Any CPU
		{1A2ADF99-9D52-439F-91A7-70669A744539}.Debug|Any CPU.Build.0 = Debug|Any CPU
		{1A2ADF99-9D52-439F-91A7-70669A744539}.Release|Any CPU.ActiveCfg = Release|Any CPU
		{1A2ADF99-9D52-439F-91A7-70669A744539}.Release|Any CPU.Build.0 = Release|Any CPU
		{EE52F1D8-20D8-4ABE-A2A8-87CCE6123A5A}.Debug|Any CPU.ActiveCfg = Debug|Any CPU
		{EE52F1D8-20D8-4ABE-A2A8-87CCE6123A5A}.Debug|Any CPU.Build.0 = Debug|Any CPU
		{EE52F1D8-20D8-4ABE-A2A8-87CCE6123A5A}.Release|Any CPU.ActiveCfg = Release|Any CPU
		{EE52F1D8-20D8-4ABE-A2A8-87CCE6123A5A}.Release|Any CPU.Build.0 = Release|Any CPU
		{1DE5C6C7-0BAC-43A4-AC70-082D229537F6}.Debug|Any CPU.ActiveCfg = Debug|Any CPU
		{1DE5C6C7-0BAC-43A4-AC70-082D229537F6}.Debug|Any CPU.Build.0 = Debug|Any CPU
		{1DE5C6C7-0BAC-43A4-AC70-082D229537F6}.Release|Any CPU.ActiveCfg = Release|Any CPU
		{1DE5C6C7-0BAC-43A4-AC70-082D229537F6}.Release|Any CPU.Build.0 = Release|Any CPU
		{FEC06251-F5A0-4724-B15F-54792F5A37F4}.Debug|Any CPU.ActiveCfg = Debug|Any CPU
		{FEC06251-F5A0-4724-B15F-54792F5A37F4}.Debug|Any CPU.Build.0 = Debug|Any CPU
		{FEC06251-F5A0-4724-B15F-54792F5A37F4}.Release|Any CPU.ActiveCfg = Release|Any CPU
		{FEC06251-F5A0-4724-B15F-54792F5A37F4}.Release|Any CPU.Build.0 = Release|Any CPU
		{951C1D17-3D76-4F39-B006-B80536E1BC12}.Debug|Any CPU.ActiveCfg = Debug|Any CPU
		{951C1D17-3D76-4F39-B006-B80536E1BC12}.Debug|Any CPU.Build.0 = Debug|Any CPU
		{951C1D17-3D76-4F39-B006-B80536E1BC12}.Release|Any CPU.ActiveCfg = Release|Any CPU
		{951C1D17-3D76-4F39-B006-B80536E1BC12}.Release|Any CPU.Build.0 = Release|Any CPU
		{91F91282-4786-423B-9A52-08B10CA96CFB}.Debug|Any CPU.ActiveCfg = Debug|Any CPU
		{91F91282-4786-423B-9A52-08B10CA96CFB}.Debug|Any CPU.Build.0 = Debug|Any CPU
		{91F91282-4786-423B-9A52-08B10CA96CFB}.Release|Any CPU.ActiveCfg = Release|Any CPU
		{91F91282-4786-423B-9A52-08B10CA96CFB}.Release|Any CPU.Build.0 = Release|Any CPU
		{F37B586D-C6A2-49B0-849B-6570CAEC16DD}.Debug|Any CPU.ActiveCfg = Debug|Any CPU
		{F37B586D-C6A2-49B0-849B-6570CAEC16DD}.Debug|Any CPU.Build.0 = Debug|Any CPU
		{F37B586D-C6A2-49B0-849B-6570CAEC16DD}.Release|Any CPU.ActiveCfg = Release|Any CPU
		{F37B586D-C6A2-49B0-849B-6570CAEC16DD}.Release|Any CPU.Build.0 = Release|Any CPU
	EndGlobalSection
EndGlobal
